
Microsoft Visual Studio Solution File, Format Version 12.00
# Visual Studio 14
VisualStudioVersion = 14.0.25123.0
MinimumVisualStudioVersion = 10.0.40219.1
Project("{FAE04EC0-301F-11D3-BF4B-00C04F79EFBC}") = "VideoDownloader", "VideoDownloader\VideoDownloader.csproj", "{FED72EAB-F329-45FD-ABF8-D8AFA5E98925}"
EndProject
Project("{F2A71F9B-5D33-465A-A702-920D77279786}") = "VideoDownloaderFSharp", "VideoDownloaderFSharp\VideoDownloaderFSharp.fsproj", "{D13DFF80-D7F3-46A5-907B-A65440BBACE9}"
EndProject
Project("{FAE04EC0-301F-11D3-BF4B-00C04F79EFBC}") = "RentalsDownloader", "RentalsDownloader\RentalsDownloader.csproj", "{E804EDCC-3173-410F-8257-D3EB3E122E4E}"
EndProject
Project("{F2A71F9B-5D33-465A-A702-920D77279786}") = "RentalsDownloader.Service", "RentalsDownloader.Service\RentalsDownloader.Service.fsproj", "{169E0AD4-55FB-4F5B-8BF8-86F7B6AD6511}"
EndProject
Global
	GlobalSection(SolutionConfigurationPlatforms) = preSolution
		Debug|Any CPU = Debug|Any CPU
		Release|Any CPU = Release|Any CPU
	EndGlobalSection
	GlobalSection(ProjectConfigurationPlatforms) = postSolution
		{FED72EAB-F329-45FD-ABF8-D8AFA5E98925}.Debug|Any CPU.ActiveCfg = Debug|Any CPU
		{FED72EAB-F329-45FD-ABF8-D8AFA5E98925}.Debug|Any CPU.Build.0 = Debug|Any CPU
		{FED72EAB-F329-45FD-ABF8-D8AFA5E98925}.Release|Any CPU.ActiveCfg = Release|Any CPU
		{FED72EAB-F329-45FD-ABF8-D8AFA5E98925}.Release|Any CPU.Build.0 = Release|Any CPU
		{D13DFF80-D7F3-46A5-907B-A65440BBACE9}.Debug|Any CPU.ActiveCfg = Debug|Any CPU
		{D13DFF80-D7F3-46A5-907B-A65440BBACE9}.Debug|Any CPU.Build.0 = Debug|Any CPU
		{D13DFF80-D7F3-46A5-907B-A65440BBACE9}.Release|Any CPU.ActiveCfg = Release|Any CPU
		{D13DFF80-D7F3-46A5-907B-A65440BBACE9}.Release|Any CPU.Build.0 = Release|Any CPU
		{E804EDCC-3173-410F-8257-D3EB3E122E4E}.Debug|Any CPU.ActiveCfg = Debug|Any CPU
		{E804EDCC-3173-410F-8257-D3EB3E122E4E}.Debug|Any CPU.Build.0 = Debug|Any CPU
		{E804EDCC-3173-410F-8257-D3EB3E122E4E}.Release|Any CPU.ActiveCfg = Release|Any CPU
		{E804EDCC-3173-410F-8257-D3EB3E122E4E}.Release|Any CPU.Build.0 = Release|Any CPU
		{169E0AD4-55FB-4F5B-8BF8-86F7B6AD6511}.Debug|Any CPU.ActiveCfg = Debug|Any CPU
		{169E0AD4-55FB-4F5B-8BF8-86F7B6AD6511}.Debug|Any CPU.Build.0 = Debug|Any CPU
		{169E0AD4-55FB-4F5B-8BF8-86F7B6AD6511}.Release|Any CPU.ActiveCfg = Release|Any CPU
		{169E0AD4-55FB-4F5B-8BF8-86F7B6AD6511}.Release|Any CPU.Build.0 = Release|Any CPU
	EndGlobalSection
	GlobalSection(SolutionProperties) = preSolution
		HideSolutionNode = FALSE
	EndGlobalSection
EndGlobal
